
Microsoft Visual Studio Solution File, Format Version 12.00
# Visual Studio Version 17
VisualStudioVersion = 17.5.33627.172
MinimumVisualStudioVersion = 10.0.40219.1
Project("{9A19103F-16F7-4668-BE54-9A1E7A4F7556}") = "RaslanAcademy", "RaslanAcademy\RaslanAcademy.csproj", "{FECC9F40-DAB2-45CB-BAD4-F656ECBC81C7}"
EndProject
Project("{FAE04EC0-301F-11D3-BF4B-00C04F79EFBC}") = "IncluedeAllHierarchy", "Incluede All Hierarchy\IncluedeAllHierarchy.csproj", "{B633C6F1-7592-4C60-9E64-8F78C96254F6}"
EndProject
Global
	GlobalSection(SolutionConfigurationPlatforms) = preSolution
		Debug|Any CPU = Debug|Any CPU
		Release|Any CPU = Release|Any CPU
	EndGlobalSection
	GlobalSection(ProjectConfigurationPlatforms) = postSolution
		{FECC9F40-DAB2-45CB-BAD4-F656ECBC81C7}.Debug|Any CPU.ActiveCfg = Debug|Any CPU
		{FECC9F40-DAB2-45CB-BAD4-F656ECBC81C7}.Debug|Any CPU.Build.0 = Debug|Any CPU
		{FECC9F40-DAB2-45CB-BAD4-F656ECBC81C7}.Release|Any CPU.ActiveCfg = Release|Any CPU
		{FECC9F40-DAB2-45CB-BAD4-F656ECBC81C7}.Release|Any CPU.Build.0 = Release|Any CPU
		{B633C6F1-7592-4C60-9E64-8F78C96254F6}.Debug|Any CPU.ActiveCfg = Debug|Any CPU
		{B633C6F1-7592-4C60-9E64-8F78C96254F6}.Debug|Any CPU.Build.0 = Debug|Any CPU
		{B633C6F1-7592-4C60-9E64-8F78C96254F6}.Release|Any CPU.ActiveCfg = Release|Any CPU
		{B633C6F1-7592-4C60-9E64-8F78C96254F6}.Release|Any CPU.Build.0 = Release|Any CPU
	EndGlobalSection
	GlobalSection(SolutionProperties) = preSolution
		HideSolutionNode = FALSE
	EndGlobalSection
	GlobalSection(ExtensibilityGlobals) = postSolution
		SolutionGuid = {8DEE7CCC-C059-48C3-A241-FFD9DDBC331B}
	EndGlobalSection
EndGlobal
